github.com/golang-jwt/jwt/v5 v5.3.1 h1:kYf81DTWFe7t+1VvL7eS+jKFVWaUnK9cB1qbwn63YCY=
github.com/golang-jwt/jwt/v5 v5.3.1/go.mod h1:fxCRLWMO43lRc8nhHWY6LGqRcf+1gQWArsqaEUEa5bE=
github.com/jchv/go-webview2 v0.0.0-20260205173254-56598839c808 h1:ftnsTqIUH57XQEF+PnXX9++nlHCzdkuB5zbWyMMruZo=
github.com/jchv/go-webview2 v0.0.0-20260205173254-56598839c808/go.mod h1:rWifBlzkgrvd7zUqlfq91sWt3473OikgnglnIILx/Jo=
github.com/jchv/go-winloader v0.0.0-20250406163304-c1995be93bd1 h1:njuLRcjAuMKr7kI3D85AXWkw6/+v9PwtV6M6o11sWHQ=
github.com/jchv/go-winloader v0.0.0-20250406163304-c1995be93bd1/go.mod h1:alcuEEnZsY1WQsagKhZDsoPCRoOijYqhZvPwLG0kzVs=
github.com/zserge/lorca v0.1.10 h1:f/xBJ3D3ipcVRCcvN8XqZnpoKcOXV8I4vwqlFyw7ruc=
github.com/zserge/lorca v0.1.10/go.mod h1:bVmnIbIRlOcoV285KIRSe4bUABKi7R7384Ycuum6e4A=
golang.org/x/crypto v0.0.0-20190308221718-c2843e01d9a2/go.mod h1:djNgcEr1/C05ACkg1iLfiJU5Ep61QUkGW8qpdssI0+w=
golang.org/x/net v0.0.0-20200222125558-5a598a2470a0 h1:MsuvTghUPjX762sGLnGsxC3HM0B5r83wEtYcYR8/vRs=
golang.org/x/net v0.0.0-20200222125558-5a598a2470a0/go.mod h1:z5CRVTTTmAJ677TzLLGU+0bjPO0LkuOLi4/5GtJWs/s=
golang.org/x/sys v0.0.0-20190215142949-d0b11bdaac8a/go.mod h1:STP8DvDyc/dI5b8T5hshtkjS+E42TnysNCUPdjciGhY=
golang.org/x/sys v0.0.0-20200810151505-1b9f1253b3ed/go.mod h1:h1NjWce9XRLGQEsW7wpKNCjG9DtNlClVuFLEZdDNbEs=
golang.org/x/sys v0.0.0-20210218145245-beda7e5e158e h1:f5mksnk+hgXHnImpZoWj64ja99j9zV7YUgrVG95uFE4=
golang.org/x/sys v0.0.0-20210218145245-beda7e5e158e/go.mod h1:h1NjWce9XRLGQEsW7wpKNCjG9DtNlClVuFLEZdDNbEs=
golang.org/x/text v0.3.0/go.mod h1:NqM8EUOU14njkJ3fqMW+pc6Ldnwhi/IjpwHt7yyuwOQ=
